<?xml version="1.0" encoding="utf-8"?>
<Project ToolsVersion="4.0" xmlns="http://schemas.microsoft.com/developer/msbuild/2003">
  <ItemGroup>
    <Filter Include="Source Files">
      <UniqueIdentifier>{4FC737F1-C7A5-4376-A066-2A32D752A2FF}</UniqueIdentifier>
      <Extensions>cpp;c;cc;cxx;c++;cppm;ixx;def;odl;idl;hpj;bat;asm;asmx</Extensions>
    </Filter>
    <Filter Include="Header Files">
      <UniqueIdentifier>{93995380-89BD-4b04-88EB-625FBE52EBFB}</UniqueIdentifier>
      <Extensions>h;hh;hpp;hxx;h++;hm;inl;inc;ipp;xsd</Extensions>
    </Filter>
    <Filter Include="Resource Files">
      <UniqueIdentifier>{67DA6AB6-F800-4c08-8B7A-83BB121AAD01}</UniqueIdentifier>
      <Extensions>rc;ico;cur;bmp;dlg;rc2;rct;bin;rgs;gif;jpg;jpeg;jpe;resx;tiff;tif;png;wav;mfcribbon-ms</Extensions>
    </Filter>
    <Filter Include="Source Files\Characters">
      <UniqueIdentifier>{dd476514-86fc-483b-90e7-20402e432e6b}</UniqueIdentifier>
    </Filter>
    <Filter Include="Source Files\Characters\States">
      <UniqueIdentifier>{f4633f69-bddc-4f04-9cbe-e5bbb4040ad1}</UniqueIdentifier>
    </Filter>
    <Filter Include="Source Files\Level">
      <UniqueIdentifier>{77211418-ee14-4859-b6c3-a696b15313f4}</UniqueIdentifier>
    </Filter>
    <Filter Include="Header Files\Characters">
      <UniqueIdentifier>{3c524ffb-91ae-44e2-8b59-6253752defce}</UniqueIdentifier>
    </Filter>
    <Filter Include="Header Files\Characters\States">
      <UniqueIdentifier>{d1bd3150-0d01-4b1b-999e-22871f53c94f}</UniqueIdentifier>
    </Filter>
    <Filter Include="Header Files\Level">
      <UniqueIdentifier>{8b4b898c-fe46-4c03-ae21-e09b113fb570}</UniqueIdentifier>
    </Filter>
    <Filter Include="Source Files\Other">
      <UniqueIdentifier>{1ca3de3b-b9d1-4661-974c-698c6e819f51}</UniqueIdentifier>
    </Filter>
    <Filter Include="Header Files\Other">
      <UniqueIdentifier>{0c870680-e444-4edb-ad23-2a4a34a36f30}</UniqueIdentifier>
    </Filter>
    <Filter Include="Header Files\UI">
      <UniqueIdentifier>{118bd103-da30-42c3-849d-798e667cfdf1}</UniqueIdentifier>
    </Filter>
    <Filter Include="Source Files\UI">
      <UniqueIdentifier>{92126311-bf56-4ffd-a3f8-86c3c7893e2c}</UniqueIdentifier>
    </Filter>
  </ItemGroup>
  <ItemGroup>
    <ClCompile Include="Main.cpp">
      <Filter>Source Files</Filter>
    </ClCompile>
    <ClCompile Include="CharacterStates.cpp">
      <Filter>Source Files\Characters\States</Filter>
    </ClCompile>
    <ClCompile Include="QbertStates.cpp">
      <Filter>Source Files\Characters\States</Filter>
    </ClCompile>
    <ClCompile Include="CoilyStates.cpp">
      <Filter>Source Files\Characters\States</Filter>
    </ClCompile>
    <ClCompile Include="SlickSamStates.cpp">
      <Filter>Source Files\Characters\States</Filter>
    </ClCompile>
    <ClCompile Include="RotateComponent.cpp">
      <Filter>Source Files\Other</Filter>
    </ClCompile>
    <ClCompile Include="GraphComponent.cpp">
      <Filter>Source Files\Other</Filter>
    </ClCompile>
    <ClCompile Include="CharacterComponent.cpp">
      <Filter>Source Files\Characters</Filter>
    </ClCompile>
    <ClCompile Include="CoilyComponent.cpp">
      <Filter>Source Files\Characters</Filter>
    </ClCompile>
    <ClCompile Include="QbertComponent.cpp">
      <Filter>Source Files\Characters</Filter>
    </ClCompile>
    <ClCompile Include="QbertCurseComponent.cpp">
      <Filter>Source Files\Characters</Filter>
    </ClCompile>
    <ClCompile Include="SlickSamComponent.cpp">
      <Filter>Source Files\Characters</Filter>
    </ClCompile>
    <ClCompile Include="DiskComponent.cpp">
      <Filter>Source Files\Level</Filter>
    </ClCompile>
    <ClCompile Include="LevelManagerComponent.cpp">
      <Filter>Source Files\Level</Filter>
    </ClCompile>
    <ClCompile Include="TileComponent.cpp">
      <Filter>Source Files\Level</Filter>
    </ClCompile>
    <ClCompile Include="CommandImplementation.cpp">
      <Filter>Source Files\Other</Filter>
    </ClCompile>
    <ClCompile Include="UggWrongwayComponent.cpp">
      <Filter>Source Files\Characters</Filter>
    </ClCompile>
    <ClCompile Include="UggWrongwayStates.cpp">
      <Filter>Source Files\Characters\States</Filter>
    </ClCompile>
    <ClCompile Include="MainMenuComponent.cpp">
      <Filter>Source Files\UI</Filter>
    </ClCompile>
    <ClCompile Include="FPSComponent.cpp">
      <Filter>Source Files\UI</Filter>
    </ClCompile>
    <ClCompile Include="LivesComponent.cpp">
      <Filter>Source Files\UI</Filter>
    </ClCompile>
    <ClCompile Include="ScoreComponent.cpp">
      <Filter>Source Files\UI</Filter>
    </ClCompile>
    <ClCompile Include="Game.cpp">
      <Filter>Source Files</Filter>
    </ClCompile>
    <ClCompile Include="TitleComponent.cpp">
      <Filter>Source Files\UI</Filter>
    </ClCompile>
    <ClCompile Include="HighScoreComponent.cpp">
      <Filter>Source Files\UI</Filter>
    </ClCompile>
  </ItemGroup>
  <ItemGroup>
    <ClInclude Include="CharacterStates.h">
      <Filter>Header Files\Characters\States</Filter>
    </ClInclude>
    <ClInclude Include="QbertStates.h">
      <Filter>Header Files\Characters\States</Filter>
    </ClInclude>
    <ClInclude Include="CoilyStates.h">
      <Filter>Header Files\Characters\States</Filter>
    </ClInclude>
    <ClInclude Include="SlickSamStates.h">
      <Filter>Header Files\Characters\States</Filter>
    </ClInclude>
    <ClInclude Include="GraphComponent.h">
      <Filter>Header Files\Other</Filter>
    </ClInclude>
    <ClInclude Include="RotateComponent.h">
      <Filter>Header Files\Other</Filter>
    </ClInclude>
    <ClInclude Include="CharacterComponent.h">
      <Filter>Header Files\Characters</Filter>
    </ClInclude>
    <ClInclude Include="CoilyComponent.h">
      <Filter>Header Files\Characters</Filter>
    </ClInclude>
    <ClInclude Include="QbertComponent.h">
      <Filter>Header Files\Characters</Filter>
    </ClInclude>
    <ClInclude Include="QbertCurseComponent.h">
      <Filter>Header Files\Characters</Filter>
    </ClInclude>
    <ClInclude Include="SlickSamComponent.h">
      <Filter>Header Files\Characters</Filter>
    </ClInclude>
    <ClInclude Include="LevelManagerComponent.h">
      <Filter>Header Files\Level</Filter>
    </ClInclude>
    <ClInclude Include="TileComponent.h">
      <Filter>Header Files\Level</Filter>
    </ClInclude>
    <ClInclude Include="DiskComponent.h">
      <Filter>Header Files\Level</Filter>
    </ClInclude>
    <ClInclude Include="CommandImplementation.h">
      <Filter>Header Files\Other</Filter>
    </ClInclude>
    <ClInclude Include="Sounds.h">
      <Filter>Header Files\Other</Filter>
    </ClInclude>
    <ClInclude Include="UggWrongwayComponent.h">
      <Filter>Header Files\Characters</Filter>
    </ClInclude>
    <ClInclude Include="UggWrongwayStates.h">
      <Filter>Header Files\Characters\States</Filter>
    </ClInclude>
    <ClInclude Include="MainMenuComponent.h">
      <Filter>Header Files\UI</Filter>
    </ClInclude>
    <ClInclude Include="FPSComponent.h">
      <Filter>Header Files\UI</Filter>
    </ClInclude>
    <ClInclude Include="ScoreComponent.h">
      <Filter>Header Files\UI</Filter>
    </ClInclude>
    <ClInclude Include="LivesComponent.h">
      <Filter>Header Files\UI</Filter>
    </ClInclude>
    <ClInclude Include="Game.h">
      <Filter>Header Files</Filter>
    </ClInclude>
    <ClInclude Include="TitleComponent.h">
      <Filter>Header Files\UI</Filter>
    </ClInclude>
    <ClInclude Include="HighScoreComponent.h">
      <Filter>Header Files\UI</Filter>
    </ClInclude>
  </ItemGroup>
</Project>